// !$*UTF8*$!
{
	archiveVersion = 1;
	classes = {
	};
	objectVersion = 50;
	objects = {

/* Begin PBXBuildFile section */
		94BF6017215C6689005891B1 /* AppDelegate.m in Sources */ = {isa = PBXBuildFile; fileRef = 94BF6016215C6689005891B1 /* AppDelegate.m */; };
		94BF601A215C6689005891B1 /* ViewController.m in Sources */ = {isa = PBXBuildFile; fileRef = 94BF6019215C6689005891B1 /* ViewController.m */; };
		94BF601D215C6689005891B1 /* Main.storyboard in Resources */ = {isa = PBXBuildFile; fileRef = 94BF601B215C6689005891B1 /* Main.storyboard */; };
		94BF601F215C668B005891B1 /* Assets.xcassets in Resources */ = {isa = PBXBuildFile; fileRef = 94BF601E215C668B005891B1 /* Assets.xcassets */; };
		94BF6022215C668B005891B1 /* LaunchScreen.storyboard in Resources */ = {isa = PBXBuildFile; fileRef = 94BF6020215C668B005891B1 /* LaunchScreen.storyboard */; };
		94BF6025215C668B005891B1 /* main.m in Sources */ = {isa = PBXBuildFile; fileRef = 94BF6024215C668B005891B1 /* main.m */; };
		94BF602F215C668C005891B1 /* _______Tests.m in Sources */ = {isa = PBXBuildFile; fileRef = 94BF602E215C668C005891B1 /* _______Tests.m */; };
		94BF603A215C668C005891B1 /* _______UITests.m in Sources */ = {isa = PBXBuildFile; fileRef = 94BF6039215C668C005891B1 /* _______UITests.m */; };
		94BF604D215C6863005891B1 /* LSBattery.m in Sources */ = {isa = PBXBuildFile; fileRef = 94BF604C215C6863005891B1 /* LSBattery.m */; };
/* End PBXBuildFile section */

/* Begin PBXContainerItemProxy section */
		94BF602B215C668C005891B1 /* PBXContainerItemProxy */ = {
			isa = PBXContainerItemProxy;
			containerPortal = 94BF600A215C6689005891B1 /* Project object */;
			proxyType = 1;
			remoteGlobalIDString = 94BF6011215C6689005891B1;
			remoteInfo = "仿苹果电池图标";
		};
		94BF6036215C668C005891B1 /* PBXContainerItemProxy */ = {
			isa = PBXContainerItemProxy;
			containerPortal = 94BF600A215C6689005891B1 /* Project object */;
			proxyType = 1;
			remoteGlobalIDString = 94BF6011215C6689005891B1;
			remoteInfo = "仿苹果电池图标";
		};
/* End PBXContainerItemProxy section */

/* Begin PBXFileReference section */
		94BF6012215C6689005891B1 /* 仿苹果电池图标.app */ = {isa = PBXFileReference; explicitFileType = wrapper.application; includeInIndex = 0; path = "仿苹果电池图标.app"; sourceTree = BUILT_PRODUCTS_DIR; };
		94BF6015215C6689005891B1 /* AppDelegate.h */ = {isa = PBXFileReference; lastKnownFileType = sourcecode.c.h; path = AppDelegate.h; sourceTree = "<group>"; };
		94BF6016215C6689005891B1 /* AppDelegate.m */ = {isa = PBXFileReference; lastKnownFileType = sourcecode.c.objc; path = AppDelegate.m; sourceTree = "<group>"; };
		94BF6018215C6689005891B1 /* ViewController.h */ = {isa = PBXFileReference; lastKnownFileType = sourcecode.c.h; path = ViewController.h; sourceTree = "<group>"; };
		94BF6019215C6689005891B1 /* ViewController.m */ = {isa = PBXFileReference; lastKnownFileType = sourcecode.c.objc; path = ViewController.m; sourceTree = "<group>"; };
		94BF601C215C6689005891B1 /* Base */ = {isa = PBXFileReference; lastKnownFileType = file.storyboard; name = Base; path = Base.lproj/Main.storyboard; sourceTree = "<group>"; };
		94BF601E215C668B005891B1 /* Assets.xcassets */ = {isa = PBXFileReference; lastKnownFileType = folder.assetcatalog; path = Assets.xcassets; sourceTree = "<group>"; };
		94BF6021215C668B005891B1 /* Base */ = {isa = PBXFileReference; lastKnownFileType = file.storyboard; name = Base; path = Base.lproj/LaunchScreen.storyboard; sourceTree = "<group>"; };
		94BF6023215C668B005891B1 /* Info.plist */ = {isa = PBXFileReference; lastKnownFileType = text.plist.xml; path = Info.plist; sourceTree = "<group>"; };
		94BF6024215C668B005891B1 /* main.m */ = {isa = PBXFileReference; lastKnownFileType = sourcecode.c.objc; path = main.m; sourceTree = "<group>"; };
		94BF602A215C668C005891B1 /* 仿苹果电池图标Tests.xctest */ = {isa = PBXFileReference; explicitFileType = wrapper.cfbundle; includeInIndex = 0; path = "仿苹果电池图标Tests.xctest"; sourceTree = BUILT_PRODUCTS_DIR; };
		94BF602E215C668C005891B1 /* _______Tests.m */ = {isa = PBXFileReference; lastKnownFileType = sourcecode.c.objc; path = "_______Tests.m"; sourceTree = "<group>"; };
		94BF6030215C668C005891B1 /* Info.plist */ = {isa = PBXFileReference; lastKnownFileType = text.plist.xml; path = Info.plist; sourceTree = "<group>"; };
		94BF6035215C668C005891B1 /* 仿苹果电池图标UITests.xctest */ = {isa = PBXFileReference; explicitFileType = wrapper.cfbundle; includeInIndex = 0; path = "仿苹果电池图标UITests.xctest"; sourceTree = BUILT_PRODUCTS_DIR; };
		94BF6039215C668C005891B1 /* _______UITests.m */ = {isa = PBXFileReference; lastKnownFileType = sourcecode.c.objc; path = "_______UITests.m"; sourceTree = "<group>"; };
		94BF603B215C668C005891B1 /* Info.plist */ = {isa = PBXFileReference; lastKnownFileType = text.plist.xml; path = Info.plist; sourceTree = "<group>"; };
		94BF604B215C6863005891B1 /* LSBattery.h */ = {isa = PBXFileReference; fileEncoding = 4; lastKnownFileType = sourcecode.c.h; path = LSBattery.h; sourceTree = "<group>"; };
		94BF604C215C6863005891B1 /* LSBattery.m */ = {isa = PBXFileReference; fileEncoding = 4; lastKnownFileType = sourcecode.c.objc; path = LSBattery.m; sourceTree = "<group>"; };
/* End PBXFileReference section */

/* Begin PBXFrameworksBuildPhase section */
		94BF600F215C6689005891B1 /* Frameworks */ = {
			isa = PBXFrameworksBuildPhase;
			buildActionMask = 2147483647;
			files = (
			);
			runOnlyForDeploymentPostprocessing = 0;
		};
		94BF6027215C668C005891B1 /* Frameworks */ = {
			isa = PBXFrameworksBuildPhase;
			buildActionMask = 2147483647;
			files = (
			);
			runOnlyForDeploymentPostprocessing = 0;
		};
		94BF6032215C668C005891B1 /* Frameworks */ = {
			isa = PBXFrameworksBuildPhase;
			buildActionMask = 2147483647;
			files = (
			);
			runOnlyForDeploymentPostprocessing = 0;
		};
/* End PBXFrameworksBuildPhase section */

/* Begin PBXGroup section */
		94BF6009215C6689005891B1 = {
			isa = PBXGroup;
			children = (
				94BF6014215C6689005891B1 /* 仿苹果电池图标 */,
				94BF602D215C668C005891B1 /* 仿苹果电池图标Tests */,
				94BF6038215C668C005891B1 /* 仿苹果电池图标UITests */,
				94BF6013215C6689005891B1 /* Products */,
			);
			sourceTree = "<group>";
		};
		94BF6013215C6689005891B1 /* Products */ = {
			isa = PBXGroup;
			children = (
				94BF6012215C6689005891B1 /* 仿苹果电池图标.app */,
				94BF602A215C668C005891B1 /* 仿苹果电池图标Tests.xctest */,
				94BF6035215C668C005891B1 /* 仿苹果电池图标UITests.xctest */,
			);
			name = Products;
			sourceTree = "<group>";
		};
		94BF6014215C6689005891B1 /* 仿苹果电池图标 */ = {
			isa = PBXGroup;
			children = (
				94BF604A215C6863005891B1 /* View */,
				94BF6015215C6689005891B1 /* AppDelegate.h */,
				94BF6016215C6689005891B1 /* AppDelegate.m */,
				94BF6018215C6689005891B1 /* ViewController.h */,
				94BF6019215C6689005891B1 /* ViewController.m */,
				94BF601B215C6689005891B1 /* Main.storyboard */,
				94BF601E215C668B005891B1 /* Assets.xcassets */,
				94BF6020215C668B005891B1 /* LaunchScreen.storyboard */,
				94BF6023215C668B005891B1 /* Info.plist */,
				94BF6024215C668B005891B1 /* main.m */,
			);
			path = "仿苹果电池图标";
			sourceTree = "<group>";
		};
		94BF602D215C668C005891B1 /* 仿苹果电池图标Tests */ = {
			isa = PBXGroup;
			children = (
				94BF602E215C668C005891B1 /* _______Tests.m */,
				94BF6030215C668C005891B1 /* Info.plist */,
			);
			path = "仿苹果电池图标Tests";
			sourceTree = "<group>";
		};
		94BF6038215C668C005891B1 /* 仿苹果电池图标UITests */ = {
			isa = PBXGroup;
			children = (
				94BF6039215C668C005891B1 /* _______UITests.m */,
				94BF603B215C668C005891B1 /* Info.plist */,
			);
			path = "仿苹果电池图标UITests";
			sourceTree = "<group>";
		};
		94BF604A215C6863005891B1 /* View */ = {
			isa = PBXGroup;
			children = (
				94BF604B215C6863005891B1 /* LSBattery.h */,
				94BF604C215C6863005891B1 /* LSBattery.m */,
			);
			path = View;
			sourceTree = "<group>";
		};
/* End PBXGroup section */

/* Begin PBXNativeTarget section */
		94BF6011215C6689005891B1 /* 仿苹果电池图标 */ = {
			isa = PBXNativeTarget;
			buildConfigurationList = 94BF603E215C668C005891B1 /* Build configuration list for PBXNativeTarget "仿苹果电池图标" */;
			buildPhases = (
				94BF600E215C6689005891B1 /* Sources */,
				94BF600F215C6689005891B1 /* Frameworks */,
				94BF6010215C6689005891B1 /* Resources */,
			);
			buildRules = (
			);
			dependencies = (
			);
			name = "仿苹果电池图标";
			productName = "仿苹果电池图标";
			productReference = 94BF6012215C6689005891B1 /* 仿苹果电池图标.app */;
			productType = "com.apple.product-type.application";
		};
		94BF6029215C668C005891B1 /* 仿苹果电池图标Tests */ = {
			isa = PBXNativeTarget;
			buildConfigurationList = 94BF6041215C668C005891B1 /* Build configuration list for PBXNativeTarget "仿苹果电池图标Tests" */;
			buildPhases = (
				94BF6026215C668C005891B1 /* Sources */,
				94BF6027215C668C005891B1 /* Frameworks */,
				94BF6028215C668C005891B1 /* Resources */,
			);
			buildRules = (
			);
			dependencies = (
				94BF602C215C668C005891B1 /* PBXTargetDependency */,
			);
			name = "仿苹果电池图标Tests";
			productName = "仿苹果电池图标Tests";
			productReference = 94BF602A215C668C005891B1 /* 仿苹果电池图标Tests.xctest */;
			productType = "com.apple.product-type.bundle.unit-test";
		};
		94BF6034215C668C005891B1 /* 仿苹果电池图标UITests */ = {
			isa = PBXNativeTarget;
			buildConfigurationList = 94BF6044215C668C005891B1 /* Build configuration list for PBXNativeTarget "仿苹果电池图标UITests" */;
			buildPhases = (
				94BF6031215C668C005891B1 /* Sources */,
				94BF6032215C668C005891B1 /* Frameworks */,
				94BF6033215C668C005891B1 /* Resources */,
			);
			buildRules = (
			);
			dependencies = (
				94BF6037215C668C005891B1 /* PBXTargetDependency */,
			);
			name = "仿苹果电池图标UITests";
			productName = "仿苹果电池图标UITests";
			productReference = 94BF6035215C668C005891B1 /* 仿苹果电池图标UITests.xctest */;
			productType = "com.apple.product-type.bundle.ui-testing";
		};
/* End PBXNativeTarget section */

/* Begin PBXProject section */
		94BF600A215C6689005891B1 /* Project object */ = {
			isa = PBXProject;
			attributes = {
				LastUpgradeCheck = 1000;
				ORGANIZATIONNAME = lsq;
				TargetAttributes = {
					94BF6011215C6689005891B1 = {
						CreatedOnToolsVersion = 10.0;
					};
					94BF6029215C668C005891B1 = {
						CreatedOnToolsVersion = 10.0;
						TestTargetID = 94BF6011215C6689005891B1;
					};
					94BF6034215C668C005891B1 = {
						CreatedOnToolsVersion = 10.0;
						TestTargetID = 94BF6011215C6689005891B1;
					};
				};
			};
			buildConfigurationList = 94BF600D215C6689005891B1 /* Build configuration list for PBXProject "仿苹果电池图标" */;
			compatibilityVersion = "Xcode 9.3";
			developmentRegion = en;
			hasScannedForEncodings = 0;
			knownRegions = (
				en,
				Base,
			);
			mainGroup = 94BF6009215C6689005891B1;
			productRefGroup = 94BF6013215C6689005891B1 /* Products */;
			projectDirPath = "";
			projectRoot = "";
			targets = (
				94BF6011215C6689005891B1 /* 仿苹果电池图标 */,
				94BF6029215C668C005891B1 /* 仿苹果电池图标Tests */,
				94BF6034215C668C005891B1 /* 仿苹果电池图标UITests */,
			);
		};
/* End PBXProject section */

/* Begin PBXResourcesBuildPhase section */
		94BF6010215C6689005891B1 /* Resources */ = {
			isa = PBXResourcesBuildPhase;
			buildActionMask = 2147483647;
			files = (
				94BF6022215C668B005891B1 /* LaunchScreen.storyboard in Resources */,
				94BF601F215C668B005891B1 /* Assets.xcassets in Resources */,
				94BF601D215C6689005891B1 /* Main.storyboard in Resources */,
			);
			runOnlyForDeploymentPostprocessing = 0;
		};
		94BF6028215C668C005891B1 /* Resources */ = {
			isa = PBXResourcesBuildPhase;
			buildActionMask = 2147483647;
			files = (
			);
			runOnlyForDeploymentPostprocessing = 0;
		};
		94BF6033215C668C005891B1 /* Resources */ = {
			isa = PBXResourcesBuildPhase;
			buildActionMask = 2147483647;
			files = (
			);
			runOnlyForDeploymentPostprocessing = 0;
		};
/* End PBXResourcesBuildPhase section */

/* Begin PBXSourcesBuildPhase section */
		94BF600E215C6689005891B1 /* Sources */ = {
			isa = PBXSourcesBuildPhase;
			buildActionMask = 2147483647;
			files = (
				94BF601A215C6689005891B1 /* ViewController.m in Sources */,
				94BF6025215C668B005891B1 /* main.m in Sources */,
				94BF604D215C6863005891B1 /* LSBattery.m in Sources */,
				94BF6017215C6689005891B1 /* AppDelegate.m in Sources */,
			);
			runOnlyForDeploymentPostprocessing = 0;
		};
		94BF6026215C668C005891B1 /* Sources */ = {
			isa = PBXSourcesBuildPhase;
			buildActionMask = 2147483647;
			files = (
				94BF602F215C668C005891B1 /* _______Tests.m in Sources */,
			);
			runOnlyForDeploymentPostprocessing = 0;
		};
		94BF6031215C668C005891B1 /* Sources */ = {
			isa = PBXSourcesBuildPhase;
			buildActionMask = 2147483647;
			files = (
				94BF603A215C668C005891B1 /* _______UITests.m in Sources */,
			);
			runOnlyForDeploymentPostprocessing = 0;
		};
/* End PBXSourcesBuildPhase section */

/* Begin PBXTargetDependency section */
		94BF602C215C668C005891B1 /* PBXTargetDependency */ = {
			isa = PBXTargetDependency;
			target = 94BF6011215C6689005891B1 /* 仿苹果电池图标 */;
			targetProxy = 94BF602B215C668C005891B1 /* PBXContainerItemProxy */;
		};
		94BF6037215C668C005891B1 /* PBXTargetDependency */ = {
			isa = PBXTargetDependency;
			target = 94BF6011215C6689005891B1 /* 仿苹果电池图标 */;
			targetProxy = 94BF6036215C668C005891B1 /* PBXContainerItemProxy */;
		};
/* End PBXTargetDependency section */

/* Begin PBXVariantGroup section */
		94BF601B215C6689005891B1 /* Main.storyboard */ = {
			isa = PBXVariantGroup;
			children = (
				94BF601C215C6689005891B1 /* Base */,
			);
			name = Main.storyboard;
			sourceTree = "<group>";
		};
		94BF6020215C668B005891B1 /* LaunchScreen.storyboard */ = {
			isa = PBXVariantGroup;
			children = (
				94BF6021215C668B005891B1 /* Base */,
			);
			name = LaunchScreen.storyboard;
			sourceTree = "<group>";
		};
/* End PBXVariantGroup section */

/* Begin XCBuildConfiguration section */
		94BF603C215C668C005891B1 /* Debug */ = {
			isa = XCBuildConfiguration;
			buildSettings = {
				ALWAYS_SEARCH_USER_PATHS = NO;
				CLANG_ANALYZER_NONNULL = YES;
				CLANG_ANALYZER_NUMBER_OBJECT_CONVERSION = YES_AGGRESSIVE;
				CLANG_CXX_LANGUAGE_STANDARD = "gnu++14";
				CLANG_CXX_LIBRARY = "libc++";
				CLANG_ENABLE_MODULES = YES;
				CLANG_ENABLE_OBJC_ARC = YES;
				CLANG_ENABLE_OBJC_WEAK = YES;
				CLANG_WARN_BLOCK_CAPTURE_AUTORELEASING = YES;
				CLANG_WARN_BOOL_CONVERSION = YES;
				CLANG_WARN_COMMA = YES;
				CLANG_WARN_CONSTANT_CONVERSION = YES;
				CLANG_WARN_DEPRECATED_OBJC_IMPLEMENTATIONS = YES;
				CLANG_WARN_DIRECT_OBJC_ISA_USAGE = YES_ERROR;
				CLANG_WARN_DOCUMENTATION_COMMENTS = YES;
				CLANG_WARN_EMPTY_BODY = YES;
				CLANG_WARN_ENUM_CONVERSION = YES;
				CLANG_WARN_INFINITE_RECURSION = YES;
				CLANG_WARN_INT_CONVERSION = YES;
				CLANG_WARN_NON_LITERAL_NULL_CONVERSION = YES;
				CLANG_WARN_OBJC_IMPLICIT_RETAIN_SELF = YES;
				CLANG_WARN_OBJC_LITERAL_CONVERSION = YES;
				CLANG_WARN_OBJC_ROOT_CLASS = YES_ERROR;
				CLANG_WARN_RANGE_LOOP_ANALYSIS = YES;
				CLANG_WARN_STRICT_PROTOTYPES = YES;
				CLANG_WARN_SUSPICIOUS_MOVE = YES;
				CLANG_WARN_UNGUARDED_AVAILABILITY = YES_AGGRESSIVE;
				CLANG_WARN_UNREACHABLE_CODE = YES;
				CLANG_WARN__DUPLICATE_METHOD_MATCH = YES;
				CODE_SIGN_IDENTITY = "iPhone Developer";
				COPY_PHASE_STRIP = NO;
				DEBUG_INFORMATION_FORMAT = dwarf;
				ENABLE_STRICT_OBJC_MSGSEND = YES;
				ENABLE_TESTABILITY = YES;
				GCC_C_LANGUAGE_STANDARD = gnu11;
				GCC_DYNAMIC_NO_PIC = NO;
				GCC_NO_COMMON_BLOCKS = YES;
				GCC_OPTIMIZATION_LEVEL = 0;
				GCC_PREPROCESSOR_DEFINITIONS = (
					"DEBUG=1",
					"$(inherited)",
				);
				GCC_WARN_64_TO_32_BIT_CONVERSION = YES;
				GCC_WARN_ABOUT_RETURN_TYPE = YES_ERROR;
				GCC_WARN_UNDECLARED_SELECTOR = YES;
				GCC_WARN_UNINITIALIZED_AUTOS = YES_AGGRESSIVE;
				GCC_WARN_UNUSED_FUNCTION = YES;
				GCC_WARN_UNUSED_VARIABLE = YES;
				IPHONEOS_DEPLOYMENT_TARGET = 12.0;
				MTL_ENABLE_DEBUG_INFO = INCLUDE_SOURCE;
				MTL_FAST_MATH = YES;
				ONLY_ACTIVE_ARCH = YES;
				SDKROOT = iphoneos;
			};
			name = Debug;
		};
		94BF603D215C668C005891B1 /* Release */ = {
			isa = XCBuildConfiguration;
			buildSettings = {
				ALWAYS_SEARCH_USER_PATHS = NO;
				CLANG_ANALYZER_NONNULL = YES;
				CLANG_ANALYZER_NUMBER_OBJECT_CONVERSION = YES_AGGRESSIVE;
				CLANG_CXX_LANGUAGE_STANDARD = "gnu++14";
				CLANG_CXX_LIBRARY = "libc++";
				CLANG_ENABLE_MODULES = YES;
				CLANG_ENABLE_OBJC_ARC = YES;
				CLANG_ENABLE_OBJC_WEAK = YES;
				CLANG_WARN_BLOCK_CAPTURE_AUTORELEASING = YES;
				CLANG_WARN_BOOL_CONVERSION = YES;
				CLANG_WARN_COMMA = YES;
				CLANG_WARN_CONSTANT_CONVERSION = YES;
				CLANG_WARN_DEPRECATED_OBJC_IMPLEMENTATIONS = YES;
				CLANG_WARN_DIRECT_OBJC_ISA_USAGE = YES_ERROR;
				CLANG_WARN_DOCUMENTATION_COMMENTS = YES;
				CLANG_WARN_EMPTY_BODY = YES;
				CLANG_WARN_ENUM_CONVERSION = YES;
				CLANG_WARN_INFINITE_RECURSION = YES;
				CLANG_WARN_INT_CONVERSION = YES;
				CLANG_WARN_NON_LITERAL_NULL_CONVERSION = YES;
				CLANG_WARN_OBJC_IMPLICIT_RETAIN_SELF = YES;
				CLANG_WARN_OBJC_LITERAL_CONVERSION = YES;
				CLANG_WARN_OBJC_ROOT_CLASS = YES_ERROR;
				CLANG_WARN_RANGE_LOOP_ANALYSIS = YES;
				CLANG_WARN_STRICT_PROTOTYPES = YES;
				CLANG_WARN_SUSPICIOUS_MOVE = YES;
				CLANG_WARN_UNGUARDED_AVAILABILITY = YES_AGGRESSIVE;
				CLANG_WARN_UNREACHABLE_CODE = YES;
				CLANG_WARN__DUPLICATE_METHOD_MATCH = YES;
				CODE_SIGN_IDENTITY = "iPhone Developer";
				COPY_PHASE_STRIP = NO;
				DEBUG_INFORMATION_FORMAT = "dwarf-with-dsym";
				ENABLE_NS_ASSERTIONS = NO;
				ENABLE_STRICT_OBJC_MSGSEND = YES;
				GCC_C_LANGUAGE_STANDARD = gnu11;
				GCC_NO_COMMON_BLOCKS = YES;
				GCC_WARN_64_TO_32_BIT_CONVERSION = YES;
				GCC_WARN_ABOUT_RETURN_TYPE = YES_ERROR;
				GCC_WARN_UNDECLARED_SELECTOR = YES;
				GCC_WARN_UNINITIALIZED_AUTOS = YES_AGGRESSIVE;
				GCC_WARN_UNUSED_FUNCTION = YES;
				GCC_WARN_UNUSED_VARIABLE = YES;
				IPHONEOS_DEPLOYMENT_TARGET = 12.0;
				MTL_ENABLE_DEBUG_INFO = NO;
				MTL_FAST_MATH = YES;
				SDKROOT = iphoneos;
				VALIDATE_PRODUCT = YES;
			};
			name = Release;
		};
		94BF603F215C668C005891B1 /* Debug */ = {
			isa = XCBuildConfiguration;
			buildSettings = {
				ASSETCATALOG_COMPILER_APPICON_NAME = AppIcon;
				CODE_SIGN_STYLE = Automatic;
				DEVELOPMENT_TEAM = CVMHKR7Y2S;
				INFOPLIST_FILE = "仿苹果电池图标/Info.plist";
				LD_RUNPATH_SEARCH_PATHS = (
					"$(inherited)",
					"@executable_path/Frameworks",
				);
				PRODUCT_BUNDLE_IDENTIFIER = "jsx.-------";
				PRODUCT_NAME = "$(TARGET_NAME)";
				TARGETED_DEVICE_FAMILY = "1,2";
			};
			name = Debug;
		};
		94BF6040215C668C005891B1 /* Release */ = {
			isa = XCBuildConfiguration;
			buildSettings = {
				ASSETCATALOG_COMPILER_APPICON_NAME = AppIcon;
				CODE_SIGN_STYLE = Automatic;
				DEVELOPMENT_TEAM = CVMHKR7Y2S;
				INFOPLIST_FILE = "仿苹果电池图标/Info.plist";
				LD_RUNPATH_SEARCH_PATHS = (
					"$(inherited)",
					"@executable_path/Frameworks",
				);
				PRODUCT_BUNDLE_IDENTIFIER = "jsx.-------";
				PRODUCT_NAME = "$(TARGET_NAME)";
				TARGETED_DEVICE_FAMILY = "1,2";
			};
			name = Release;
		};
		94BF6042215C668C005891B1 /* Debug */ = {
			isa = XCBuildConfiguration;
			buildSettings = {
				BUNDLE_LOADER = "$(TEST_HOST)";
				CODE_SIGN_STYLE = Automatic;
				INFOPLIST_FILE = "仿苹果电池图标Tests/Info.plist";
				LD_RUNPATH_SEARCH_PATHS = (
					"$(inherited)",
					"@executable_path/Frameworks",
					"@loader_path/Frameworks",
				);
				PRODUCT_BUNDLE_IDENTIFIER = "jsx.-------Tests";
				PRODUCT_NAME = "$(TARGET_NAME)";
				TARGETED_DEVICE_FAMILY = "1,2";
				TEST_HOST = "$(BUILT_PRODUCTS_DIR)/仿苹果电池图标.app/仿苹果电池图标";
			};
			name = Debug;
		};
		94BF6043215C668C005891B1 /* Release */ = {
			isa = XCBuildConfiguration;
			buildSettings = {
				BUNDLE_LOADER = "$(TEST_HOST)";
				CODE_SIGN_STYLE = Automatic;
				INFOPLIST_FILE = "仿苹果电池图标Tests/Info.plist";
				LD_RUNPATH_SEARCH_PATHS = (
					"$(inherited)",
					"@executable_path/Frameworks",
					"@loader_path/Frameworks",
				);
				PRODUCT_BUNDLE_IDENTIFIER = "jsx.-------Tests";
				PRODUCT_NAME = "$(TARGET_NAME)";
				TARGETED_DEVICE_FAMILY = "1,2";
				TEST_HOST = "$(BUILT_PRODUCTS_DIR)/仿苹果电池图标.app/仿苹果电池图标";
			};
			name = Release;
		};
		94BF6045215C668C005891B1 /* Debug */ = {
			isa = XCBuildConfiguration;
			buildSettings = {
				CODE_SIGN_STYLE = Automatic;
				INFOPLIST_FILE = "仿苹果电池图标UITests/Info.plist";
				LD_RUNPATH_SEARCH_PATHS = (
					"$(inherited)",
					"@executable_path/Frameworks",
					"@loader_path/Frameworks",
				);
				PRODUCT_BUNDLE_IDENTIFIER = "jsx.-------UITests";
				PRODUCT_NAME = "$(TARGET_NAME)";
				TARGETED_DEVICE_FAMILY = "1,2";
				TEST_TARGET_NAME = "仿苹果电池图标";
			};
			name = Debug;
		};
		94BF6046215C668C005891B1 /* Release */ = {
			isa = XCBuildConfiguration;
			buildSettings = {
				CODE_SIGN_STYLE = Automatic;
				INFOPLIST_FILE = "仿苹果电池图标UITests/Info.plist";
				LD_RUNPATH_SEARCH_PATHS = (
					"$(inherited)",
					"@executable_path/Frameworks",
					"@loader_path/Frameworks",
				);
				PRODUCT_BUNDLE_IDENTIFIER = "jsx.-------UITests";
				PRODUCT_NAME = "$(TARGET_NAME)";
				TARGETED_DEVICE_FAMILY = "1,2";
				TEST_TARGET_NAME = "仿苹果电池图标";
			};
			name = Release;
		};
/* End XCBuildConfiguration section */

/* Begin XCConfigurationList section */
		94BF600D215C6689005891B1 /* Build configuration list for PBXProject "仿苹果电池图标" */ = {
			isa = XCConfigurationList;
			buildConfigurations = (
				94BF603C215C668C005891B1 /* Debug */,
				94BF603D215C668C005891B1 /* Release */,
			);
			defaultConfigurationIsVisible = 0;
			defaultConfigurationName = Release;
		};
		94BF603E215C668C005891B1 /* Build configuration list for PBXNativeTarget "仿苹果电池图标" */ = {
			isa = XCConfigurationList;
			buildConfigurations = (
				94BF603F215C668C005891B1 /* Debug */,
				94BF6040215C668C005891B1 /* Release */,
			);
			defaultConfigurationIsVisible = 0;
			defaultConfigurationName = Release;
		};
		94BF6041215C668C005891B1 /* Build configuration list for PBXNativeTarget "仿苹果电池图标Tests" */ = {
			isa = XCConfigurationList;
			buildConfigurations = (
				94BF6042215C668C005891B1 /* Debug */,
				94BF6043215C668C005891B1 /* Release */,
			);
			defaultConfigurationIsVisible = 0;
			defaultConfigurationName = Release;
		};
		94BF6044215C668C005891B1 /* Build configuration list for PBXNativeTarget "仿苹果电池图标UITests" */ = {
			isa = XCConfigurationList;
			buildConfigurations = (
				94BF6045215C668C005891B1 /* Debug */,
				94BF6046215C668C005891B1 /* Release */,
			);
			defaultConfigurationIsVisible = 0;
			defaultConfigurationName = Release;
		};
/* End XCConfigurationList section */
	};
	rootObject = 94BF600A215C6689005891B1 /* Project object */;
}
